
Microsoft Visual Studio Solution File, Format Version 12.00
# Visual Studio Version 16
VisualStudioVersion = 16.0.31105.61
MinimumVisualStudioVersion = 10.0.40219.1
Project("{FAE04EC0-301F-11D3-BF4B-00C04F79EFBC}") = "notepad ödev", "notepad ödev.csproj", "{EFF40976-C0CE-44FC-95ED-B4CD21C60EBB}"
EndProject
Global
	GlobalSection(SolutionConfigurationPlatforms) = preSolution
		Debug|Any CPU = Debug|Any CPU
		Release|Any CPU = Release|Any CPU
	EndGlobalSection
	GlobalSection(ProjectConfigurationPlatforms) = postSolution
		{EFF40976-C0CE-44FC-95ED-B4CD21C60EBB}.Debug|Any CPU.ActiveCfg = Debug|Any CPU
		{EFF40976-C0CE-44FC-95ED-B4CD21C60EBB}.Debug|Any CPU.Build.0 = Debug|Any CPU
		{EFF40976-C0CE-44FC-95ED-B4CD21C60EBB}.Release|Any CPU.ActiveCfg = Release|Any CPU
		{EFF40976-C0CE-44FC-95ED-B4CD21C60EBB}.Release|Any CPU.Build.0 = Release|Any CPU
	EndGlobalSection
	GlobalSection(SolutionProperties) = preSolution
		HideSolutionNode = FALSE
	EndGlobalSection
	GlobalSection(ExtensibilityGlobals) = postSolution
		SolutionGuid = {91FCA77A-1F43-4753-B2C2-7B0215CFE2FD}
	EndGlobalSection
EndGlobal
